
Microsoft Visual Studio Solution File, Format Version 12.00
# Visual Studio Version 17
VisualStudioVersion = 17.2.32210.308
MinimumVisualStudioVersion = 15.0.26124.0
Project("{9A19103F-16F7-4668-BE54-9A1E7A4F7556}") = "PretextSamples", "PretextSamples\PretextSamples.csproj", "{970C8BD1-62D7-48B4-BD3D-6E3097B338AE}"
EndProject
Project("{2150E333-8FDC-42A3-9474-1A3956D46DE8}") = "Solution Items", "Solution Items", "{BADA71DC-7FFD-4EDC-9F28-FB74AEADC713}"
	ProjectSection(SolutionItems) = preProject
		.editorconfig = .editorconfig
		.gitignore = .gitignore
		.vsconfig = .vsconfig
		Directory.Build.props = Directory.Build.props
		Directory.Build.targets = Directory.Build.targets
		Directory.Packages.props = Directory.Packages.props
		global.json = global.json
	EndProjectSection
EndProject
Project("{FAE04EC0-301F-11D3-BF4B-00C04F79EFBC}") = "Pretext.Uno", "Pretext.Uno\Pretext.Uno.csproj", "{00999C7C-8ACA-4B34-AA89-CEAA60B25D32}"
EndProject
Project("{FAE04EC0-301F-11D3-BF4B-00C04F79EFBC}") = "Pretext.Uno.Tests", "Pretext.Uno.Tests\Pretext.Uno.Tests.csproj", "{FF86A015-4D71-455A-853F-DDCD06A6B91D}"
EndProject
Project("{FAE04EC0-301F-11D3-BF4B-00C04F79EFBC}") = "Pretext.Uno.Controls", "Pretext.Uno.Controls\Pretext.Uno.Controls.csproj", "{D9B2BC44-67D1-4954-8D20-1DAD4803E2D6}"
EndProject
Global
	GlobalSection(SolutionConfigurationPlatforms) = preSolution
		Debug|Any CPU = Debug|Any CPU
		Debug|ARM = Debug|ARM
		Debug|ARM64 = Debug|ARM64
		Debug|iPhone = Debug|iPhone
		Debug|iPhoneSimulator = Debug|iPhoneSimulator
		Debug|x64 = Debug|x64
		Debug|x86 = Debug|x86
		Release|Any CPU = Release|Any CPU
		Release|ARM = Release|ARM
		Release|ARM64 = Release|ARM64
		Release|iPhone = Release|iPhone
		Release|iPhoneSimulator = Release|iPhoneSimulator
		Release|x64 = Release|x64
		Release|x86 = Release|x86
	EndGlobalSection
	GlobalSection(ProjectConfigurationPlatforms) = postSolution
		{970C8BD1-62D7-48B4-BD3D-6E3097B338AE}.Debug|Any CPU.ActiveCfg = Debug|Any CPU
		{970C8BD1-62D7-48B4-BD3D-6E3097B338AE}.Debug|Any CPU.Build.0 = Debug|Any CPU
		{970C8BD1-62D7-48B4-BD3D-6E3097B338AE}.Debug|Any CPU.Deploy.0 = Debug|Any CPU
		{970C8BD1-62D7-48B4-BD3D-6E3097B338AE}.Debug|ARM.ActiveCfg = Debug|Any CPU
		{970C8BD1-62D7-48B4-BD3D-6E3097B338AE}.Debug|ARM.Build.0 = Debug|Any CPU
		{970C8BD1-62D7-48B4-BD3D-6E3097B338AE}.Debug|ARM.Deploy.0 = Debug|Any CPU
		{970C8BD1-62D7-48B4-BD3D-6E3097B338AE}.Debug|ARM64.ActiveCfg = Debug|Any CPU
		{970C8BD1-62D7-48B4-BD3D-6E3097B338AE}.Debug|ARM64.Build.0 = Debug|Any CPU
		{970C8BD1-62D7-48B4-BD3D-6E3097B338AE}.Debug|ARM64.Deploy.0 = Debug|Any CPU
		{970C8BD1-62D7-48B4-BD3D-6E3097B338AE}.Debug|iPhone.ActiveCfg = Debug|Any CPU
		{970C8BD1-62D7-48B4-BD3D-6E3097B338AE}.Debug|iPhone.Build.0 = Debug|Any CPU
		{970C8BD1-62D7-48B4-BD3D-6E3097B338AE}.Debug|iPhone.Deploy.0 = Debug|Any CPU
		{970C8BD1-62D7-48B4-BD3D-6E3097B338AE}.Debug|iPhoneSimulator.ActiveCfg = Debug|Any CPU
		{970C8BD1-62D7-48B4-BD3D-6E3097B338AE}.Debug|iPhoneSimulator.Build.0 = Debug|Any CPU
		{970C8BD1-62D7-48B4-BD3D-6E3097B338AE}.Debug|iPhoneSimulator.Deploy.0 = Debug|Any CPU
		{970C8BD1-62D7-48B4-BD3D-6E3097B338AE}.Debug|x64.ActiveCfg = Debug|Any CPU
		{970C8BD1-62D7-48B4-BD3D-6E3097B338AE}.Debug|x64.Build.0 = Debug|Any CPU
		{970C8BD1-62D7-48B4-BD3D-6E3097B338AE}.Debug|x64.Deploy.0 = Debug|Any CPU
		{970C8BD1-62D7-48B4-BD3D-6E3097B338AE}.Debug|x86.ActiveCfg = Debug|Any CPU
		{970C8BD1-62D7-48B4-BD3D-6E3097B338AE}.Debug|x86.Build.0 = Debug|Any CPU
		{970C8BD1-62D7-48B4-BD3D-6E3097B338AE}.Debug|x86.Deploy.0 = Debug|Any CPU
		{970C8BD1-62D7-48B4-BD3D-6E3097B338AE}.Release|Any CPU.ActiveCfg = Release|Any CPU
		{970C8BD1-62D7-48B4-BD3D-6E3097B338AE}.Release|Any CPU.Build.0 = Release|Any CPU
		{970C8BD1-62D7-48B4-BD3D-6E3097B338AE}.Release|Any CPU.Deploy.0 = Release|Any CPU
		{970C8BD1-62D7-48B4-BD3D-6E3097B338AE}.Release|ARM.ActiveCfg = Release|Any CPU
		{970C8BD1-62D7-48B4-BD3D-6E3097B338AE}.Release|ARM.Build.0 = Release|Any CPU
		{970C8BD1-62D7-48B4-BD3D-6E3097B338AE}.Release|ARM.Deploy.0 = Release|Any CPU
		{970C8BD1-62D7-48B4-BD3D-6E3097B338AE}.Release|ARM64.ActiveCfg = Release|Any CPU
		{970C8BD1-62D7-48B4-BD3D-6E3097B338AE}.Release|ARM64.Build.0 = Release|Any CPU
		{970C8BD1-62D7-48B4-BD3D-6E3097B338AE}.Release|ARM64.Deploy.0 = Release|Any CPU
		{970C8BD1-62D7-48B4-BD3D-6E3097B338AE}.Release|iPhone.ActiveCfg = Release|Any CPU
		{970C8BD1-62D7-48B4-BD3D-6E3097B338AE}.Release|iPhone.Build.0 = Release|Any CPU
		{970C8BD1-62D7-48B4-BD3D-6E3097B338AE}.Release|iPhone.Deploy.0 = Release|Any CPU
		{970C8BD1-62D7-48B4-BD3D-6E3097B338AE}.Release|iPhoneSimulator.ActiveCfg = Release|Any CPU
		{970C8BD1-62D7-48B4-BD3D-6E3097B338AE}.Release|iPhoneSimulator.Build.0 = Release|Any CPU
		{970C8BD1-62D7-48B4-BD3D-6E3097B338AE}.Release|iPhoneSimulator.Deploy.0 = Release|Any CPU
		{970C8BD1-62D7-48B4-BD3D-6E3097B338AE}.Release|x64.ActiveCfg = Release|Any CPU
		{970C8BD1-62D7-48B4-BD3D-6E3097B338AE}.Release|x64.Build.0 = Release|Any CPU
		{970C8BD1-62D7-48B4-BD3D-6E3097B338AE}.Release|x64.Deploy.0 = Release|Any CPU
		{970C8BD1-62D7-48B4-BD3D-6E3097B338AE}.Release|x86.ActiveCfg = Release|Any CPU
		{970C8BD1-62D7-48B4-BD3D-6E3097B338AE}.Release|x86.Build.0 = Release|Any CPU
		{970C8BD1-62D7-48B4-BD3D-6E3097B338AE}.Release|x86.Deploy.0 = Release|Any CPU
		{00999C7C-8ACA-4B34-AA89-CEAA60B25D32}.Debug|Any CPU.ActiveCfg = Debug|Any CPU
		{00999C7C-8ACA-4B34-AA89-CEAA60B25D32}.Debug|Any CPU.Build.0 = Debug|Any CPU
		{00999C7C-8ACA-4B34-AA89-CEAA60B25D32}.Debug|ARM.ActiveCfg = Debug|Any CPU
		{00999C7C-8ACA-4B34-AA89-CEAA60B25D32}.Debug|ARM.Build.0 = Debug|Any CPU
		{00999C7C-8ACA-4B34-AA89-CEAA60B25D32}.Debug|ARM64.ActiveCfg = Debug|Any CPU
		{00999C7C-8ACA-4B34-AA89-CEAA60B25D32}.Debug|ARM64.Build.0 = Debug|Any CPU
		{00999C7C-8ACA-4B34-AA89-CEAA60B25D32}.Debug|iPhone.ActiveCfg = Debug|Any CPU
		{00999C7C-8ACA-4B34-AA89-CEAA60B25D32}.Debug|iPhone.Build.0 = Debug|Any CPU
		{00999C7C-8ACA-4B34-AA89-CEAA60B25D32}.Debug|iPhoneSimulator.ActiveCfg = Debug|Any CPU
		{00999C7C-8ACA-4B34-AA89-CEAA60B25D32}.Debug|iPhoneSimulator.Build.0 = Debug|Any CPU
		{00999C7C-8ACA-4B34-AA89-CEAA60B25D32}.Debug|x64.ActiveCfg = Debug|Any CPU
		{00999C7C-8ACA-4B34-AA89-CEAA60B25D32}.Debug|x64.Build.0 = Debug|Any CPU
		{00999C7C-8ACA-4B34-AA89-CEAA60B25D32}.Debug|x86.ActiveCfg = Debug|Any CPU
		{00999C7C-8ACA-4B34-AA89-CEAA60B25D32}.Debug|x86.Build.0 = Debug|Any CPU
		{00999C7C-8ACA-4B34-AA89-CEAA60B25D32}.Release|Any CPU.ActiveCfg = Release|Any CPU
		{00999C7C-8ACA-4B34-AA89-CEAA60B25D32}.Release|Any CPU.Build.0 = Release|Any CPU
		{00999C7C-8ACA-4B34-AA89-CEAA60B25D32}.Release|ARM.ActiveCfg = Release|Any CPU
		{00999C7C-8ACA-4B34-AA89-CEAA60B25D32}.Release|ARM.Build.0 = Release|Any CPU
		{00999C7C-8ACA-4B34-AA89-CEAA60B25D32}.Release|ARM64.ActiveCfg = Release|Any CPU
		{00999C7C-8ACA-4B34-AA89-CEAA60B25D32}.Release|ARM64.Build.0 = Release|Any CPU
		{00999C7C-8ACA-4B34-AA89-CEAA60B25D32}.Release|iPhone.ActiveCfg = Release|Any CPU
		{00999C7C-8ACA-4B34-AA89-CEAA60B25D32}.Release|iPhone.Build.0 = Release|Any CPU
		{00999C7C-8ACA-4B34-AA89-CEAA60B25D32}.Release|iPhoneSimulator.ActiveCfg = Release|Any CPU
		{00999C7C-8ACA-4B34-AA89-CEAA60B25D32}.Release|iPhoneSimulator.Build.0 = Release|Any CPU
		{00999C7C-8ACA-4B34-AA89-CEAA60B25D32}.Release|x64.ActiveCfg = Release|Any CPU
		{00999C7C-8ACA-4B34-AA89-CEAA60B25D32}.Release|x64.Build.0 = Release|Any CPU
		{00999C7C-8ACA-4B34-AA89-CEAA60B25D32}.Release|x86.ActiveCfg = Release|Any CPU
		{00999C7C-8ACA-4B34-AA89-CEAA60B25D32}.Release|x86.Build.0 = Release|Any CPU
		{FF86A015-4D71-455A-853F-DDCD06A6B91D}.Debug|Any CPU.ActiveCfg = Debug|Any CPU
		{FF86A015-4D71-455A-853F-DDCD06A6B91D}.Debug|Any CPU.Build.0 = Debug|Any CPU
		{FF86A015-4D71-455A-853F-DDCD06A6B91D}.Debug|ARM.ActiveCfg = Debug|Any CPU
		{FF86A015-4D71-455A-853F-DDCD06A6B91D}.Debug|ARM.Build.0 = Debug|Any CPU
		{FF86A015-4D71-455A-853F-DDCD06A6B91D}.Debug|ARM64.ActiveCfg = Debug|Any CPU
		{FF86A015-4D71-455A-853F-DDCD06A6B91D}.Debug|ARM64.Build.0 = Debug|Any CPU
		{FF86A015-4D71-455A-853F-DDCD06A6B91D}.Debug|iPhone.ActiveCfg = Debug|Any CPU
		{FF86A015-4D71-455A-853F-DDCD06A6B91D}.Debug|iPhone.Build.0 = Debug|Any CPU
		{FF86A015-4D71-455A-853F-DDCD06A6B91D}.Debug|iPhoneSimulator.ActiveCfg = Debug|Any CPU
		{FF86A015-4D71-455A-853F-DDCD06A6B91D}.Debug|iPhoneSimulator.Build.0 = Debug|Any CPU
		{FF86A015-4D71-455A-853F-DDCD06A6B91D}.Debug|x64.ActiveCfg = Debug|Any CPU
		{FF86A015-4D71-455A-853F-DDCD06A6B91D}.Debug|x64.Build.0 = Debug|Any CPU
		{FF86A015-4D71-455A-853F-DDCD06A6B91D}.Debug|x86.ActiveCfg = Debug|Any CPU
		{FF86A015-4D71-455A-853F-DDCD06A6B91D}.Debug|x86.Build.0 = Debug|Any CPU
		{FF86A015-4D71-455A-853F-DDCD06A6B91D}.Release|Any CPU.ActiveCfg = Release|Any CPU
		{FF86A015-4D71-455A-853F-DDCD06A6B91D}.Release|Any CPU.Build.0 = Release|Any CPU
		{FF86A015-4D71-455A-853F-DDCD06A6B91D}.Release|ARM.ActiveCfg = Release|Any CPU
		{FF86A015-4D71-455A-853F-DDCD06A6B91D}.Release|ARM.Build.0 = Release|Any CPU
		{FF86A015-4D71-455A-853F-DDCD06A6B91D}.Release|ARM64.ActiveCfg = Release|Any CPU
		{FF86A015-4D71-455A-853F-DDCD06A6B91D}.Release|ARM64.Build.0 = Release|Any CPU
		{FF86A015-4D71-455A-853F-DDCD06A6B91D}.Release|iPhone.ActiveCfg = Release|Any CPU
		{FF86A015-4D71-455A-853F-DDCD06A6B91D}.Release|iPhone.Build.0 = Release|Any CPU
		{FF86A015-4D71-455A-853F-DDCD06A6B91D}.Release|iPhoneSimulator.ActiveCfg = Release|Any CPU
		{FF86A015-4D71-455A-853F-DDCD06A6B91D}.Release|iPhoneSimulator.Build.0 = Release|Any CPU
		{FF86A015-4D71-455A-853F-DDCD06A6B91D}.Release|x64.ActiveCfg = Release|Any CPU
		{FF86A015-4D71-455A-853F-DDCD06A6B91D}.Release|x64.Build.0 = Release|Any CPU
		{FF86A015-4D71-455A-853F-DDCD06A6B91D}.Release|x86.ActiveCfg = Release|Any CPU
		{FF86A015-4D71-455A-853F-DDCD06A6B91D}.Release|x86.Build.0 = Release|Any CPU
		{D9B2BC44-67D1-4954-8D20-1DAD4803E2D6}.Debug|Any CPU.ActiveCfg = Debug|Any CPU
		{D9B2BC44-67D1-4954-8D20-1DAD4803E2D6}.Debug|Any CPU.Build.0 = Debug|Any CPU
		{D9B2BC44-67D1-4954-8D20-1DAD4803E2D6}.Debug|ARM.ActiveCfg = Debug|Any CPU
		{D9B2BC44-67D1-4954-8D20-1DAD4803E2D6}.Debug|ARM.Build.0 = Debug|Any CPU
		{D9B2BC44-67D1-4954-8D20-1DAD4803E2D6}.Debug|ARM64.ActiveCfg = Debug|Any CPU
		{D9B2BC44-67D1-4954-8D20-1DAD4803E2D6}.Debug|ARM64.Build.0 = Debug|Any CPU
		{D9B2BC44-67D1-4954-8D20-1DAD4803E2D6}.Debug|iPhone.ActiveCfg = Debug|Any CPU
		{D9B2BC44-67D1-4954-8D20-1DAD4803E2D6}.Debug|iPhone.Build.0 = Debug|Any CPU
		{D9B2BC44-67D1-4954-8D20-1DAD4803E2D6}.Debug|iPhoneSimulator.ActiveCfg = Debug|Any CPU
		{D9B2BC44-67D1-4954-8D20-1DAD4803E2D6}.Debug|iPhoneSimulator.Build.0 = Debug|Any CPU
		{D9B2BC44-67D1-4954-8D20-1DAD4803E2D6}.Debug|x64.ActiveCfg = Debug|Any CPU
		{D9B2BC44-67D1-4954-8D20-1DAD4803E2D6}.Debug|x64.Build.0 = Debug|Any CPU
		{D9B2BC44-67D1-4954-8D20-1DAD4803E2D6}.Debug|x86.ActiveCfg = Debug|Any CPU
		{D9B2BC44-67D1-4954-8D20-1DAD4803E2D6}.Debug|x86.Build.0 = Debug|Any CPU
		{D9B2BC44-67D1-4954-8D20-1DAD4803E2D6}.Release|Any CPU.ActiveCfg = Release|Any CPU
		{D9B2BC44-67D1-4954-8D20-1DAD4803E2D6}.Release|Any CPU.Build.0 = Release|Any CPU
		{D9B2BC44-67D1-4954-8D20-1DAD4803E2D6}.Release|ARM.ActiveCfg = Release|Any CPU
		{D9B2BC44-67D1-4954-8D20-1DAD4803E2D6}.Release|ARM.Build.0 = Release|Any CPU
		{D9B2BC44-67D1-4954-8D20-1DAD4803E2D6}.Release|ARM64.ActiveCfg = Release|Any CPU
		{D9B2BC44-67D1-4954-8D20-1DAD4803E2D6}.Release|ARM64.Build.0 = Release|Any CPU
		{D9B2BC44-67D1-4954-8D20-1DAD4803E2D6}.Release|iPhone.ActiveCfg = Release|Any CPU
		{D9B2BC44-67D1-4954-8D20-1DAD4803E2D6}.Release|iPhone.Build.0 = Release|Any CPU
		{D9B2BC44-67D1-4954-8D20-1DAD4803E2D6}.Release|iPhoneSimulator.ActiveCfg = Release|Any CPU
		{D9B2BC44-67D1-4954-8D20-1DAD4803E2D6}.Release|iPhoneSimulator.Build.0 = Release|Any CPU
		{D9B2BC44-67D1-4954-8D20-1DAD4803E2D6}.Release|x64.ActiveCfg = Release|Any CPU
		{D9B2BC44-67D1-4954-8D20-1DAD4803E2D6}.Release|x64.Build.0 = Release|Any CPU
		{D9B2BC44-67D1-4954-8D20-1DAD4803E2D6}.Release|x86.ActiveCfg = Release|Any CPU
		{D9B2BC44-67D1-4954-8D20-1DAD4803E2D6}.Release|x86.Build.0 = Release|Any CPU
	EndGlobalSection
	GlobalSection(SolutionProperties) = preSolution
		HideSolutionNode = FALSE
	EndGlobalSection
	GlobalSection(ExtensibilityGlobals) = postSolution
		SolutionGuid = {913B9BA4-A445-4AA3-A051-A3079E451CA1}
	EndGlobalSection
EndGlobal
